
Microsoft Visual Studio Solution File, Format Version 12.00
# Visual Studio Version 16
VisualStudioVersion = 16.0.31005.135
MinimumVisualStudioVersion = 10.0.40219.1
Project("{FAE04EC0-301F-11D3-BF4B-00C04F79EFBC}") = "CountriesDotNet", "CountriesDotNet.csproj", "{0E241057-F1F1-4149-BCBD-8AF2FEA9527F}"
EndProject
Global
	GlobalSection(SolutionConfigurationPlatforms) = preSolution
		Debug|Any CPU = Debug|Any CPU
		Release|Any CPU = Release|Any CPU
	EndGlobalSection
	GlobalSection(ProjectConfigurationPlatforms) = postSolution
		{0E241057-F1F1-4149-BCBD-8AF2FEA9527F}.Debug|Any CPU.ActiveCfg = Debug|Any CPU
		{0E241057-F1F1-4149-BCBD-8AF2FEA9527F}.Debug|Any CPU.Build.0 = Debug|Any CPU
		{0E241057-F1F1-4149-BCBD-8AF2FEA9527F}.Release|Any CPU.ActiveCfg = Release|Any CPU
		{0E241057-F1F1-4149-BCBD-8AF2FEA9527F}.Release|Any CPU.Build.0 = Release|Any CPU
	EndGlobalSection
	GlobalSection(SolutionProperties) = preSolution
		HideSolutionNode = FALSE
	EndGlobalSection
	GlobalSection(ExtensibilityGlobals) = postSolution
		SolutionGuid = {C65665F1-B91B-432B-B4AB-6B140C5F6CC4}
	EndGlobalSection
EndGlobal
